
Microsoft Visual Studio Solution File, Format Version 12.00
# Visual Studio Version 16
VisualStudioVersion = 16.0.29920.165
MinimumVisualStudioVersion = 10.0.40219.1
Project("{FAE04EC0-301F-11D3-BF4B-00C04F79EFBC}") = "LINQ Project1", "LINQ Project1\LINQ Project1.csproj", "{6B4B5327-DA50-4D8A-A3D8-8F2B014DF919}"
EndProject
Global
	GlobalSection(SolutionConfigurationPlatforms) = preSolution
		Debug|Any CPU = Debug|Any CPU
		Release|Any CPU = Release|Any CPU
	EndGlobalSection
	GlobalSection(ProjectConfigurationPlatforms) = postSolution
		{6B4B5327-DA50-4D8A-A3D8-8F2B014DF919}.Debug|Any CPU.ActiveCfg = Debug|Any CPU
		{6B4B5327-DA50-4D8A-A3D8-8F2B014DF919}.Debug|Any CPU.Build.0 = Debug|Any CPU
		{6B4B5327-DA50-4D8A-A3D8-8F2B014DF919}.Release|Any CPU.ActiveCfg = Release|Any CPU
		{6B4B5327-DA50-4D8A-A3D8-8F2B014DF919}.Release|Any CPU.Build.0 = Release|Any CPU
	EndGlobalSection
	GlobalSection(SolutionProperties) = preSolution
		HideSolutionNode = FALSE
	EndGlobalSection
	GlobalSection(ExtensibilityGlobals) = postSolution
		SolutionGuid = {0F278C74-B6AE-46A8-8963-AC4A665FDD6A}
	EndGlobalSection
EndGlobal
